
Microsoft Visual Studio Solution File, Format Version 11.00
# Visual Studio 2010
Project("{FAE04EC0-301F-11D3-BF4B-00C04F79EFBC}") = "YouTrackBurnDown", "YouTrackBurnDown\YouTrackBurnDown.csproj", "{7FC0EA81-651A-43A1-A608-8370CD62E858}"
EndProject
Project("{2150E333-8FDC-42A3-9474-1A3956D46DE8}") = ".nuget", ".nuget", "{2F927A25-FA5C-4400-8634-EDD8D59CF4B2}"
	ProjectSection(SolutionItems) = preProject
		.nuget\packages.config = .nuget\packages.config
	EndProjectSection
EndProject
Global
	GlobalSection(SolutionConfigurationPlatforms) = preSolution
		Debug|Any CPU = Debug|Any CPU
		Release|Any CPU = Release|Any CPU
	EndGlobalSection
	GlobalSection(ProjectConfigurationPlatforms) = postSolution
		{7FC0EA81-651A-43A1-A608-8370CD62E858}.Debug|Any CPU.ActiveCfg = Debug|Any CPU
		{7FC0EA81-651A-43A1-A608-8370CD62E858}.Debug|Any CPU.Build.0 = Debug|Any CPU
		{7FC0EA81-651A-43A1-A608-8370CD62E858}.Release|Any CPU.ActiveCfg = Release|Any CPU
		{7FC0EA81-651A-43A1-A608-8370CD62E858}.Release|Any CPU.Build.0 = Release|Any CPU
	EndGlobalSection
	GlobalSection(SolutionProperties) = preSolution
		HideSolutionNode = FALSE
	EndGlobalSection
EndGlobal
